
Microsoft Visual Studio Solution File, Format Version 12.00
# Visual Studio 15
VisualStudioVersion = 15.0.28307.168
MinimumVisualStudioVersion = 10.0.40219.1
Project("{FAE04EC0-301F-11D3-BF4B-00C04F79EFBC}") = "c0727191", "c0727191\c0727191.csproj", "{4FECC4BB-76C7-42E8-B337-430401764FA3}"
EndProject
Global
	GlobalSection(SolutionConfigurationPlatforms) = preSolution
		Debug|Any CPU = Debug|Any CPU
		Release|Any CPU = Release|Any CPU
	EndGlobalSection
	GlobalSection(ProjectConfigurationPlatforms) = postSolution
		{4FECC4BB-76C7-42E8-B337-430401764FA3}.Debug|Any CPU.ActiveCfg = Debug|Any CPU
		{4FECC4BB-76C7-42E8-B337-430401764FA3}.Debug|Any CPU.Build.0 = Debug|Any CPU
		{4FECC4BB-76C7-42E8-B337-430401764FA3}.Release|Any CPU.ActiveCfg = Release|Any CPU
		{4FECC4BB-76C7-42E8-B337-430401764FA3}.Release|Any CPU.Build.0 = Release|Any CPU
	EndGlobalSection
	GlobalSection(SolutionProperties) = preSolution
		HideSolutionNode = FALSE
	EndGlobalSection
	GlobalSection(ExtensibilityGlobals) = postSolution
		SolutionGuid = {8B43BDAC-F635-448B-AFBF-339839419E61}
	EndGlobalSection
EndGlobal
